{
  "nodes": {
    "nixpkgs": {
      "locked": {
        "lastModified": 1712578504,
        "narHash": "sha256-kgklpdXehpnOiSEcGXK5w+uLKL85mkd9r9HnkqqpXos=",
        "owner": "nim65s",
        "repo": "nixpkgs",
        "rev": "0d11a451703004a4e150ad705d219c1c11e7c8c8",
        "type": "github"
      },
      "original": {
        "owner": "nim65s",
        "ref": "nim",
        "repo": "nixpkgs",
        "type": "github"
      }
    },
    "root": {
      "inputs": {
        "nixpkgs": "nixpkgs"
      }
    }
  },
  "root": "root",
  "version": 7
}
