{
  "nodes": {
    "nixpkgs": {
      "locked": {
        "lastModified": 1713261514,
        "narHash": "sha256-mj3rSXAMJgSiXOfBUOCIWUEFFGYaLPUkey8mGrdSqe4=",
        "owner": "nim65s",
        "repo": "nixpkgs",
        "rev": "a69334e5ad3b90ccd3ce009e5e088e33827e874a",
        "type": "github"
      },
      "original": {
        "owner": "NixOS",
        "ref": "nixpkgs-unstable",
        "repo": "nixpkgs",
        "type": "github"
      }
    },
    "root": {
      "inputs": {
        "nixpkgs": "nixpkgs"
      }
    }
  },
  "root": "root",
  "version": 7
}
