{
  "nodes": {
    "nixpkgs": {
      "locked": {
        "lastModified": 1713270151,
        "narHash": "sha256-TjcoAMrVy4NEDiaCj43ZG/cn/AHMlyhkpAut6Z4SwhQ=",
        "owner": "nim65s",
        "repo": "nixpkgs",
        "rev": "54b90c14cba77dd22a1b980a1d8e33a2c4dbfd52",
        "type": "github"
      },
      "original": {
        "owner": "nim65s",
        "ref": "pythonqt",
        "repo": "nixpkgs",
        "type": "github"
      }
    },
    "root": {
      "inputs": {
        "nixpkgs": "nixpkgs"
      }
    }
  },
  "root": "root",
  "version": 7
}
